
Microsoft Visual Studio Solution File, Format Version 12.00
# Visual Studio 15
VisualStudioVersion = 15.0.34112.143
MinimumVisualStudioVersion = 10.0.40219.1
Project("{FAE04EC0-301F-11D3-BF4B-00C04F79EFBC}") = "PRCompany", "PRCompany\PRCompany.csproj", "{67EC75A2-19B4-4031-9A1B-6AD7DEE933DA}"
EndProject
Global
	GlobalSection(SolutionConfigurationPlatforms) = preSolution
		Debug|Any CPU = Debug|Any CPU
		Release|Any CPU = Release|Any CPU
	EndGlobalSection
	GlobalSection(ProjectConfigurationPlatforms) = postSolution
		{67EC75A2-19B4-4031-9A1B-6AD7DEE933DA}.Debug|Any CPU.ActiveCfg = Debug|Any CPU
		{67EC75A2-19B4-4031-9A1B-6AD7DEE933DA}.Debug|Any CPU.Build.0 = Debug|Any CPU
		{67EC75A2-19B4-4031-9A1B-6AD7DEE933DA}.Release|Any CPU.ActiveCfg = Release|Any CPU
		{67EC75A2-19B4-4031-9A1B-6AD7DEE933DA}.Release|Any CPU.Build.0 = Release|Any CPU
	EndGlobalSection
	GlobalSection(SolutionProperties) = preSolution
		HideSolutionNode = FALSE
	EndGlobalSection
	GlobalSection(ExtensibilityGlobals) = postSolution
		SolutionGuid = {A9073069-FFF5-46E1-B4BE-00E77552A4F3}
	EndGlobalSection
EndGlobal
